// !$*UTF8*$!
{
	archiveVersion = 1;
	classes = {
	};
	objectVersion = 46;
	objects = {

/* Begin PBXBuildFile section */
		3106928D18DA2EE800617448 /* Foundation.framework in Frameworks */ = {isa = PBXBuildFile; fileRef = 3106928C18DA2EE800617448 /* Foundation.framework */; };
		3106928F18DA2EE800617448 /* CoreGraphics.framework in Frameworks */ = {isa = PBXBuildFile; fileRef = 3106928E18DA2EE800617448 /* CoreGraphics.framework */; };
		3106929118DA2EE800617448 /* UIKit.framework in Frameworks */ = {isa = PBXBuildFile; fileRef = 3106929018DA2EE800617448 /* UIKit.framework */; };
		3106929718DA2EE800617448 /* InfoPlist.strings in Resources */ = {isa = PBXBuildFile; fileRef = 3106929518DA2EE800617448 /* InfoPlist.strings */; };
		3106929918DA2EE800617448 /* main.m in Sources */ = {isa = PBXBuildFile; fileRef = 3106929818DA2EE800617448 /* main.m */; };
		3106929D18DA2EE800617448 /* WTVAppDelegate.m in Sources */ = {isa = PBXBuildFile; fileRef = 3106929C18DA2EE800617448 /* WTVAppDelegate.m */; };
		3106929F18DA2EE800617448 /* Images.xcassets in Resources */ = {isa = PBXBuildFile; fileRef = 3106929E18DA2EE800617448 /* Images.xcassets */; };
		310692A618DA2EE800617448 /* XCTest.framework in Frameworks */ = {isa = PBXBuildFile; fileRef = 310692A518DA2EE800617448 /* XCTest.framework */; };
		310692A718DA2EE800617448 /* Foundation.framework in Frameworks */ = {isa = PBXBuildFile; fileRef = 3106928C18DA2EE800617448 /* Foundation.framework */; };
		310692A818DA2EE800617448 /* UIKit.framework in Frameworks */ = {isa = PBXBuildFile; fileRef = 3106929018DA2EE800617448 /* UIKit.framework */; };
		310692B018DA2EE800617448 /* InfoPlist.strings in Resources */ = {isa = PBXBuildFile; fileRef = 310692AE18DA2EE800617448 /* InfoPlist.strings */; };
		310692B218DA2EE800617448 /* WakeTVTests.m in Sources */ = {isa = PBXBuildFile; fileRef = 310692B118DA2EE800617448 /* WakeTVTests.m */; };
		310692BE18DA2F1E00617448 /* main.storyboard in Resources */ = {isa = PBXBuildFile; fileRef = 310692BD18DA2F1E00617448 /* main.storyboard */; };
		310692C318DA30DA00617448 /* WTVmainViewController.m in Sources */ = {isa = PBXBuildFile; fileRef = 310692C218DA30DA00617448 /* WTVmainViewController.m */; };
		3149C69918E364E500E6B0E1 /* WTVChannel.m in Sources */ = {isa = PBXBuildFile; fileRef = 3149C69818E364E500E6B0E1 /* WTVChannel.m */; };
		316CFE4B190EE488004693BC /* icon.png in Resources */ = {isa = PBXBuildFile; fileRef = 316CFE4A190EE488004693BC /* icon.png */; };
		317605BC18F5EE0300EDDE91 /* channels.txt in Resources */ = {isa = PBXBuildFile; fileRef = 317605BB18F5EE0300EDDE91 /* channels.txt */; };
		3187882118EC9F1F003EBAEB /* WTVsubViewController.m in Sources */ = {isa = PBXBuildFile; fileRef = 3187882018EC9F1F003EBAEB /* WTVsubViewController.m */; };
		31ECB153190862220023EB07 /* home.png in Resources */ = {isa = PBXBuildFile; fileRef = 31ECB14E190862220023EB07 /* home.png */; };
		31ECB15E190863160023EB07 /* news-128.png in Resources */ = {isa = PBXBuildFile; fileRef = 31ECB15D190863160023EB07 /* news-128.png */; };
		31ECB164190864EC0023EB07 /* Entertaiment.png in Resources */ = {isa = PBXBuildFile; fileRef = 31ECB161190864EC0023EB07 /* Entertaiment.png */; };
		31ECB165190864EC0023EB07 /* Icon_26-128.png in Resources */ = {isa = PBXBuildFile; fileRef = 31ECB162190864EC0023EB07 /* Icon_26-128.png */; };
		31ECB166190864EC0023EB07 /* Sports-Football-2-icon.png in Resources */ = {isa = PBXBuildFile; fileRef = 31ECB163190864EC0023EB07 /* Sports-Football-2-icon.png */; };
/* End PBXBuildFile section */

/* Begin PBXContainerItemProxy section */
		310692A918DA2EE800617448 /* PBXContainerItemProxy */ = {
			isa = PBXContainerItemProxy;
			containerPortal = 3106928118DA2EE800617448 /* Project object */;
			proxyType = 1;
			remoteGlobalIDString = 3106928818DA2EE800617448;
			remoteInfo = WakeTV;
		};
/* End PBXContainerItemProxy section */

/* Begin PBXFileReference section */
		3106928918DA2EE800617448 /* WakeTV.app */ = {isa = PBXFileReference; explicitFileType = wrapper.application; includeInIndex = 0; path = WakeTV.app; sourceTree = BUILT_PRODUCTS_DIR; };
		3106928C18DA2EE800617448 /* Foundation.framework */ = {isa = PBXFileReference; lastKnownFileType = wrapper.framework; name = Foundation.framework; path = System/Library/Frameworks/Foundation.framework; sourceTree = SDKROOT; };
		3106928E18DA2EE800617448 /* CoreGraphics.framework */ = {isa = PBXFileReference; lastKnownFileType = wrapper.framework; name = CoreGraphics.framework; path = System/Library/Frameworks/CoreGraphics.framework; sourceTree = SDKROOT; };
		3106929018DA2EE800617448 /* UIKit.framework */ = {isa = PBXFileReference; lastKnownFileType = wrapper.framework; name = UIKit.framework; path = System/Library/Frameworks/UIKit.framework; sourceTree = SDKROOT; };
		3106929418DA2EE800617448 /* WakeTV-Info.plist */ = {isa = PBXFileReference; lastKnownFileType = text.plist.xml; path = "WakeTV-Info.plist"; sourceTree = "<group>"; };
		3106929618DA2EE800617448 /* en */ = {isa = PBXFileReference; lastKnownFileType = text.plist.strings; name = en; path = en.lproj/InfoPlist.strings; sourceTree = "<group>"; };
		3106929818DA2EE800617448 /* main.m */ = {isa = PBXFileReference; lastKnownFileType = sourcecode.c.objc; path = main.m; sourceTree = "<group>"; };
		3106929A18DA2EE800617448 /* WakeTV-Prefix.pch */ = {isa = PBXFileReference; lastKnownFileType = sourcecode.c.h; path = "WakeTV-Prefix.pch"; sourceTree = "<group>"; };
		3106929B18DA2EE800617448 /* WTVAppDelegate.h */ = {isa = PBXFileReference; lastKnownFileType = sourcecode.c.h; path = WTVAppDelegate.h; sourceTree = "<group>"; };
		3106929C18DA2EE800617448 /* WTVAppDelegate.m */ = {isa = PBXFileReference; lastKnownFileType = sourcecode.c.objc; path = WTVAppDelegate.m; sourceTree = "<group>"; };
		3106929E18DA2EE800617448 /* Images.xcassets */ = {isa = PBXFileReference; lastKnownFileType = folder.assetcatalog; path = Images.xcassets; sourceTree = "<group>"; };
		310692A418DA2EE800617448 /* WakeTVTests.xctest */ = {isa = PBXFileReference; explicitFileType = wrapper.cfbundle; includeInIndex = 0; path = WakeTVTests.xctest; sourceTree = BUILT_PRODUCTS_DIR; };
		310692A518DA2EE800617448 /* XCTest.framework */ = {isa = PBXFileReference; lastKnownFileType = wrapper.framework; name = XCTest.framework; path = Library/Frameworks/XCTest.framework; sourceTree = DEVELOPER_DIR; };
		310692AD18DA2EE800617448 /* WakeTVTests-Info.plist */ = {isa = PBXFileReference; lastKnownFileType = text.plist.xml; path = "WakeTVTests-Info.plist"; sourceTree = "<group>"; };
		310692AF18DA2EE800617448 /* en */ = {isa = PBXFileReference; lastKnownFileType = text.plist.strings; name = en; path = en.lproj/InfoPlist.strings; sourceTree = "<group>"; };
		310692B118DA2EE800617448 /* WakeTVTests.m */ = {isa = PBXFileReference; lastKnownFileType = sourcecode.c.objc; path = WakeTVTests.m; sourceTree = "<group>"; };
		310692BD18DA2F1E00617448 /* main.storyboard */ = {isa = PBXFileReference; fileEncoding = 4; lastKnownFileType = file.storyboard; path = main.storyboard; sourceTree = "<group>"; };
		310692C118DA30DA00617448 /* WTVmainViewController.h */ = {isa = PBXFileReference; fileEncoding = 4; lastKnownFileType = sourcecode.c.h; path = WTVmainViewController.h; sourceTree = "<group>"; };
		310692C218DA30DA00617448 /* WTVmainViewController.m */ = {isa = PBXFileReference; fileEncoding = 4; lastKnownFileType = sourcecode.c.objc; path = WTVmainViewController.m; sourceTree = "<group>"; };
		3149C69718E364E500E6B0E1 /* WTVChannel.h */ = {isa = PBXFileReference; fileEncoding = 4; lastKnownFileType = sourcecode.c.h; path = WTVChannel.h; sourceTree = "<group>"; };
		3149C69818E364E500E6B0E1 /* WTVChannel.m */ = {isa = PBXFileReference; fileEncoding = 4; lastKnownFileType = sourcecode.c.objc; path = WTVChannel.m; sourceTree = "<group>"; };
		316CFE4A190EE488004693BC /* icon.png */ = {isa = PBXFileReference; lastKnownFileType = image.png; path = icon.png; sourceTree = "<group>"; };
		317605BB18F5EE0300EDDE91 /* channels.txt */ = {isa = PBXFileReference; fileEncoding = 4; lastKnownFileType = text; path = channels.txt; sourceTree = "<group>"; };
		3187881F18EC9F1F003EBAEB /* WTVsubViewController.h */ = {isa = PBXFileReference; fileEncoding = 4; lastKnownFileType = sourcecode.c.h; path = WTVsubViewController.h; sourceTree = "<group>"; };
		3187882018EC9F1F003EBAEB /* WTVsubViewController.m */ = {isa = PBXFileReference; fileEncoding = 4; lastKnownFileType = sourcecode.c.objc; path = WTVsubViewController.m; sourceTree = "<group>"; };
		31ECB14E190862220023EB07 /* home.png */ = {isa = PBXFileReference; lastKnownFileType = image.png; path = home.png; sourceTree = "<group>"; };
		31ECB15D190863160023EB07 /* news-128.png */ = {isa = PBXFileReference; lastKnownFileType = image.png; path = "news-128.png"; sourceTree = "<group>"; };
		31ECB161190864EC0023EB07 /* Entertaiment.png */ = {isa = PBXFileReference; lastKnownFileType = image.png; name = Entertaiment.png; path = ../Entertaiment.png; sourceTree = "<group>"; };
		31ECB162190864EC0023EB07 /* Icon_26-128.png */ = {isa = PBXFileReference; lastKnownFileType = image.png; name = "Icon_26-128.png"; path = "../Icon_26-128.png"; sourceTree = "<group>"; };
		31ECB163190864EC0023EB07 /* Sports-Football-2-icon.png */ = {isa = PBXFileReference; lastKnownFileType = image.png; name = "Sports-Football-2-icon.png"; path = "../Sports-Football-2-icon.png"; sourceTree = "<group>"; };
/* End PBXFileReference section */

/* Begin PBXFrameworksBuildPhase section */
		3106928618DA2EE800617448 /* Frameworks */ = {
			isa = PBXFrameworksBuildPhase;
			buildActionMask = 2147483647;
			files = (
				3106928F18DA2EE800617448 /* CoreGraphics.framework in Frameworks */,
				3106929118DA2EE800617448 /* UIKit.framework in Frameworks */,
				3106928D18DA2EE800617448 /* Foundation.framework in Frameworks */,
			);
			runOnlyForDeploymentPostprocessing = 0;
		};
		310692A118DA2EE800617448 /* Frameworks */ = {
			isa = PBXFrameworksBuildPhase;
			buildActionMask = 2147483647;
			files = (
				310692A618DA2EE800617448 /* XCTest.framework in Frameworks */,
				310692A818DA2EE800617448 /* UIKit.framework in Frameworks */,
				310692A718DA2EE800617448 /* Foundation.framework in Frameworks */,
			);
			runOnlyForDeploymentPostprocessing = 0;
		};
/* End PBXFrameworksBuildPhase section */

/* Begin PBXGroup section */
		3106928018DA2EE800617448 = {
			isa = PBXGroup;
			children = (
				3106929218DA2EE800617448 /* WakeTV */,
				310692AB18DA2EE800617448 /* WakeTVTests */,
				3106928B18DA2EE800617448 /* Frameworks */,
				3106928A18DA2EE800617448 /* Products */,
			);
			sourceTree = "<group>";
		};
		3106928A18DA2EE800617448 /* Products */ = {
			isa = PBXGroup;
			children = (
				3106928918DA2EE800617448 /* WakeTV.app */,
				310692A418DA2EE800617448 /* WakeTVTests.xctest */,
			);
			name = Products;
			sourceTree = "<group>";
		};
		3106928B18DA2EE800617448 /* Frameworks */ = {
			isa = PBXGroup;
			children = (
				3106928C18DA2EE800617448 /* Foundation.framework */,
				3106928E18DA2EE800617448 /* CoreGraphics.framework */,
				3106929018DA2EE800617448 /* UIKit.framework */,
				310692A518DA2EE800617448 /* XCTest.framework */,
			);
			name = Frameworks;
			sourceTree = "<group>";
		};
		3106929218DA2EE800617448 /* WakeTV */ = {
			isa = PBXGroup;
			children = (
				317605BB18F5EE0300EDDE91 /* channels.txt */,
				3106929B18DA2EE800617448 /* WTVAppDelegate.h */,
				3106929C18DA2EE800617448 /* WTVAppDelegate.m */,
				310692BD18DA2F1E00617448 /* main.storyboard */,
				310692C118DA30DA00617448 /* WTVmainViewController.h */,
				310692C218DA30DA00617448 /* WTVmainViewController.m */,
				3187881F18EC9F1F003EBAEB /* WTVsubViewController.h */,
				3187882018EC9F1F003EBAEB /* WTVsubViewController.m */,
				3149C69718E364E500E6B0E1 /* WTVChannel.h */,
				3149C69818E364E500E6B0E1 /* WTVChannel.m */,
				3106929E18DA2EE800617448 /* Images.xcassets */,
				3106929318DA2EE800617448 /* Supporting Files */,
			);
			path = WakeTV;
			sourceTree = "<group>";
		};
		3106929318DA2EE800617448 /* Supporting Files */ = {
			isa = PBXGroup;
			children = (
				316CFE4A190EE488004693BC /* icon.png */,
				31ECB15D190863160023EB07 /* news-128.png */,
				31ECB163190864EC0023EB07 /* Sports-Football-2-icon.png */,
				31ECB162190864EC0023EB07 /* Icon_26-128.png */,
				31ECB161190864EC0023EB07 /* Entertaiment.png */,
				31ECB14E190862220023EB07 /* home.png */,
				3106929418DA2EE800617448 /* WakeTV-Info.plist */,
				3106929518DA2EE800617448 /* InfoPlist.strings */,
				3106929818DA2EE800617448 /* main.m */,
				3106929A18DA2EE800617448 /* WakeTV-Prefix.pch */,
			);
			name = "Supporting Files";
			sourceTree = "<group>";
		};
		310692AB18DA2EE800617448 /* WakeTVTests */ = {
			isa = PBXGroup;
			children = (
				310692B118DA2EE800617448 /* WakeTVTests.m */,
				310692AC18DA2EE800617448 /* Supporting Files */,
			);
			path = WakeTVTests;
			sourceTree = "<group>";
		};
		310692AC18DA2EE800617448 /* Supporting Files */ = {
			isa = PBXGroup;
			children = (
				310692AD18DA2EE800617448 /* WakeTVTests-Info.plist */,
				310692AE18DA2EE800617448 /* InfoPlist.strings */,
			);
			name = "Supporting Files";
			sourceTree = "<group>";
		};
/* End PBXGroup section */

/* Begin PBXNativeTarget section */
		3106928818DA2EE800617448 /* WakeTV */ = {
			isa = PBXNativeTarget;
			buildConfigurationList = 310692B518DA2EE800617448 /* Build configuration list for PBXNativeTarget "WakeTV" */;
			buildPhases = (
				3106928518DA2EE800617448 /* Sources */,
				3106928618DA2EE800617448 /* Frameworks */,
				3106928718DA2EE800617448 /* Resources */,
			);
			buildRules = (
			);
			dependencies = (
			);
			name = WakeTV;
			productName = WakeTV;
			productReference = 3106928918DA2EE800617448 /* WakeTV.app */;
			productType = "com.apple.product-type.application";
		};
		310692A318DA2EE800617448 /* WakeTVTests */ = {
			isa = PBXNativeTarget;
			buildConfigurationList = 310692B818DA2EE800617448 /* Build configuration list for PBXNativeTarget "WakeTVTests" */;
			buildPhases = (
				310692A018DA2EE800617448 /* Sources */,
				310692A118DA2EE800617448 /* Frameworks */,
				310692A218DA2EE800617448 /* Resources */,
			);
			buildRules = (
			);
			dependencies = (
				310692AA18DA2EE800617448 /* PBXTargetDependency */,
			);
			name = WakeTVTests;
			productName = WakeTVTests;
			productReference = 310692A418DA2EE800617448 /* WakeTVTests.xctest */;
			productType = "com.apple.product-type.bundle.unit-test";
		};
/* End PBXNativeTarget section */

/* Begin PBXProject section */
		3106928118DA2EE800617448 /* Project object */ = {
			isa = PBXProject;
			attributes = {
				CLASSPREFIX = WTV;
				LastUpgradeCheck = 0510;
				TargetAttributes = {
					310692A318DA2EE800617448 = {
						TestTargetID = 3106928818DA2EE800617448;
					};
				};
			};
			buildConfigurationList = 3106928418DA2EE800617448 /* Build configuration list for PBXProject "WakeTV" */;
			compatibilityVersion = "Xcode 3.2";
			developmentRegion = English;
			hasScannedForEncodings = 0;
			knownRegions = (
				en,
			);
			mainGroup = 3106928018DA2EE800617448;
			productRefGroup = 3106928A18DA2EE800617448 /* Products */;
			projectDirPath = "";
			projectRoot = "";
			targets = (
				3106928818DA2EE800617448 /* WakeTV */,
				310692A318DA2EE800617448 /* WakeTVTests */,
			);
		};
/* End PBXProject section */

/* Begin PBXResourcesBuildPhase section */
		3106928718DA2EE800617448 /* Resources */ = {
			isa = PBXResourcesBuildPhase;
			buildActionMask = 2147483647;
			files = (
				317605BC18F5EE0300EDDE91 /* channels.txt in Resources */,
				3106929718DA2EE800617448 /* InfoPlist.strings in Resources */,
				31ECB15E190863160023EB07 /* news-128.png in Resources */,
				31ECB165190864EC0023EB07 /* Icon_26-128.png in Resources */,
				31ECB164190864EC0023EB07 /* Entertaiment.png in Resources */,
				31ECB153190862220023EB07 /* home.png in Resources */,
				316CFE4B190EE488004693BC /* icon.png in Resources */,
				310692BE18DA2F1E00617448 /* main.storyboard in Resources */,
				31ECB166190864EC0023EB07 /* Sports-Football-2-icon.png in Resources */,
				3106929F18DA2EE800617448 /* Images.xcassets in Resources */,
			);
			runOnlyForDeploymentPostprocessing = 0;
		};
		310692A218DA2EE800617448 /* Resources */ = {
			isa = PBXResourcesBuildPhase;
			buildActionMask = 2147483647;
			files = (
				310692B018DA2EE800617448 /* InfoPlist.strings in Resources */,
			);
			runOnlyForDeploymentPostprocessing = 0;
		};
/* End PBXResourcesBuildPhase section */

/* Begin PBXSourcesBuildPhase section */
		3106928518DA2EE800617448 /* Sources */ = {
			isa = PBXSourcesBuildPhase;
			buildActionMask = 2147483647;
			files = (
				3106929D18DA2EE800617448 /* WTVAppDelegate.m in Sources */,
				3149C69918E364E500E6B0E1 /* WTVChannel.m in Sources */,
				310692C318DA30DA00617448 /* WTVmainViewController.m in Sources */,
				3187882118EC9F1F003EBAEB /* WTVsubViewController.m in Sources */,
				3106929918DA2EE800617448 /* main.m in Sources */,
			);
			runOnlyForDeploymentPostprocessing = 0;
		};
		310692A018DA2EE800617448 /* Sources */ = {
			isa = PBXSourcesBuildPhase;
			buildActionMask = 2147483647;
			files = (
				310692B218DA2EE800617448 /* WakeTVTests.m in Sources */,
			);
			runOnlyForDeploymentPostprocessing = 0;
		};
/* End PBXSourcesBuildPhase section */

/* Begin PBXTargetDependency section */
		310692AA18DA2EE800617448 /* PBXTargetDependency */ = {
			isa = PBXTargetDependency;
			target = 3106928818DA2EE800617448 /* WakeTV */;
			targetProxy = 310692A918DA2EE800617448 /* PBXContainerItemProxy */;
		};
/* End PBXTargetDependency section */

/* Begin PBXVariantGroup section */
		3106929518DA2EE800617448 /* InfoPlist.strings */ = {
			isa = PBXVariantGroup;
			children = (
				3106929618DA2EE800617448 /* en */,
			);
			name = InfoPlist.strings;
			sourceTree = "<group>";
		};
		310692AE18DA2EE800617448 /* InfoPlist.strings */ = {
			isa = PBXVariantGroup;
			children = (
				310692AF18DA2EE800617448 /* en */,
			);
			name = InfoPlist.strings;
			sourceTree = "<group>";
		};
/* End PBXVariantGroup section */

/* Begin XCBuildConfiguration section */
		310692B318DA2EE800617448 /* Debug */ = {
			isa = XCBuildConfiguration;
			buildSettings = {
				ALWAYS_SEARCH_USER_PATHS = NO;
				CLANG_CXX_LANGUAGE_STANDARD = "gnu++0x";
				CLANG_CXX_LIBRARY = "libc++";
				CLANG_ENABLE_MODULES = YES;
				CLANG_ENABLE_OBJC_ARC = YES;
				CLANG_WARN_BOOL_CONVERSION = YES;
				CLANG_WARN_CONSTANT_CONVERSION = YES;
				CLANG_WARN_DIRECT_OBJC_ISA_USAGE = YES_ERROR;
				CLANG_WARN_EMPTY_BODY = YES;
				CLANG_WARN_ENUM_CONVERSION = YES;
				CLANG_WARN_INT_CONVERSION = YES;
				CLANG_WARN_OBJC_ROOT_CLASS = YES_ERROR;
				CLANG_WARN__DUPLICATE_METHOD_MATCH = YES;
				"CODE_SIGN_IDENTITY[sdk=iphoneos*]" = "iPhone Developer";
				COPY_PHASE_STRIP = NO;
				GCC_C_LANGUAGE_STANDARD = gnu99;
				GCC_DYNAMIC_NO_PIC = NO;
				GCC_OPTIMIZATION_LEVEL = 0;
				GCC_PREPROCESSOR_DEFINITIONS = (
					"DEBUG=1",
					"$(inherited)",
				);
				GCC_SYMBOLS_PRIVATE_EXTERN = NO;
				GCC_WARN_64_TO_32_BIT_CONVERSION = YES;
				GCC_WARN_ABOUT_RETURN_TYPE = YES_ERROR;
				GCC_WARN_UNDECLARED_SELECTOR = YES;
				GCC_WARN_UNINITIALIZED_AUTOS = YES;
				GCC_WARN_UNUSED_FUNCTION = YES;
				GCC_WARN_UNUSED_VARIABLE = YES;
				IPHONEOS_DEPLOYMENT_TARGET = 7.0;
				ONLY_ACTIVE_ARCH = YES;
				SDKROOT = iphoneos;
			};
			name = Debug;
		};
		310692B418DA2EE800617448 /* Release */ = {
			isa = XCBuildConfiguration;
			buildSettings = {
				ALWAYS_SEARCH_USER_PATHS = NO;
				CLANG_CXX_LANGUAGE_STANDARD = "gnu++0x";
				CLANG_CXX_LIBRARY = "libc++";
				CLANG_ENABLE_MODULES = YES;
				CLANG_ENABLE_OBJC_ARC = YES;
				CLANG_WARN_BOOL_CONVERSION = YES;
				CLANG_WARN_CONSTANT_CONVERSION = YES;
				CLANG_WARN_DIRECT_OBJC_ISA_USAGE = YES_ERROR;
				CLANG_WARN_EMPTY_BODY = YES;
				CLANG_WARN_ENUM_CONVERSION = YES;
				CLANG_WARN_INT_CONVERSION = YES;
				CLANG_WARN_OBJC_ROOT_CLASS = YES_ERROR;
				CLANG_WARN__DUPLICATE_METHOD_MATCH = YES;
				"CODE_SIGN_IDENTITY[sdk=iphoneos*]" = "iPhone Developer";
				COPY_PHASE_STRIP = YES;
				ENABLE_NS_ASSERTIONS = NO;
				GCC_C_LANGUAGE_STANDARD = gnu99;
				GCC_WARN_64_TO_32_BIT_CONVERSION = YES;
				GCC_WARN_ABOUT_RETURN_TYPE = YES_ERROR;
				GCC_WARN_UNDECLARED_SELECTOR = YES;
				GCC_WARN_UNINITIALIZED_AUTOS = YES;
				GCC_WARN_UNUSED_FUNCTION = YES;
				GCC_WARN_UNUSED_VARIABLE = YES;
				IPHONEOS_DEPLOYMENT_TARGET = 7.0;
				SDKROOT = iphoneos;
				VALIDATE_PRODUCT = YES;
			};
			name = Release;
		};
		310692B618DA2EE800617448 /* Debug */ = {
			isa = XCBuildConfiguration;
			buildSettings = {
				ASSETCATALOG_COMPILER_APPICON_NAME = AppIcon;
				ASSETCATALOG_COMPILER_LAUNCHIMAGE_NAME = LaunchImage;
				GCC_PRECOMPILE_PREFIX_HEADER = YES;
				GCC_PREFIX_HEADER = "WakeTV/WakeTV-Prefix.pch";
				INFOPLIST_FILE = "WakeTV/WakeTV-Info.plist";
				PRODUCT_NAME = "$(TARGET_NAME)";
				WRAPPER_EXTENSION = app;
			};
			name = Debug;
		};
		310692B718DA2EE800617448 /* Release */ = {
			isa = XCBuildConfiguration;
			buildSettings = {
				ASSETCATALOG_COMPILER_APPICON_NAME = AppIcon;
				ASSETCATALOG_COMPILER_LAUNCHIMAGE_NAME = LaunchImage;
				GCC_PRECOMPILE_PREFIX_HEADER = YES;
				GCC_PREFIX_HEADER = "WakeTV/WakeTV-Prefix.pch";
				INFOPLIST_FILE = "WakeTV/WakeTV-Info.plist";
				PRODUCT_NAME = "$(TARGET_NAME)";
				WRAPPER_EXTENSION = app;
			};
			name = Release;
		};
		310692B918DA2EE800617448 /* Debug */ = {
			isa = XCBuildConfiguration;
			buildSettings = {
				BUNDLE_LOADER = "$(BUILT_PRODUCTS_DIR)/WakeTV.app/WakeTV";
				FRAMEWORK_SEARCH_PATHS = (
					"$(SDKROOT)/Developer/Library/Frameworks",
					"$(inherited)",
					"$(DEVELOPER_FRAMEWORKS_DIR)",
				);
				GCC_PRECOMPILE_PREFIX_HEADER = YES;
				GCC_PREFIX_HEADER = "WakeTV/WakeTV-Prefix.pch";
				GCC_PREPROCESSOR_DEFINITIONS = (
					"DEBUG=1",
					"$(inherited)",
				);
				INFOPLIST_FILE = "WakeTVTests/WakeTVTests-Info.plist";
				PRODUCT_NAME = "$(TARGET_NAME)";
				TEST_HOST = "$(BUNDLE_LOADER)";
				WRAPPER_EXTENSION = xctest;
			};
			name = Debug;
		};
		310692BA18DA2EE800617448 /* Release */ = {
			isa = XCBuildConfiguration;
			buildSettings = {
				BUNDLE_LOADER = "$(BUILT_PRODUCTS_DIR)/WakeTV.app/WakeTV";
				FRAMEWORK_SEARCH_PATHS = (
					"$(SDKROOT)/Developer/Library/Frameworks",
					"$(inherited)",
					"$(DEVELOPER_FRAMEWORKS_DIR)",
				);
				GCC_PRECOMPILE_PREFIX_HEADER = YES;
				GCC_PREFIX_HEADER = "WakeTV/WakeTV-Prefix.pch";
				INFOPLIST_FILE = "WakeTVTests/WakeTVTests-Info.plist";
				PRODUCT_NAME = "$(TARGET_NAME)";
				TEST_HOST = "$(BUNDLE_LOADER)";
				WRAPPER_EXTENSION = xctest;
			};
			name = Release;
		};
/* End XCBuildConfiguration section */

/* Begin XCConfigurationList section */
		3106928418DA2EE800617448 /* Build configuration list for PBXProject "WakeTV" */ = {
			isa = XCConfigurationList;
			buildConfigurations = (
				310692B318DA2EE800617448 /* Debug */,
				310692B418DA2EE800617448 /* Release */,
			);
			defaultConfigurationIsVisible = 0;
			defaultConfigurationName = Release;
		};
		310692B518DA2EE800617448 /* Build configuration list for PBXNativeTarget "WakeTV" */ = {
			isa = XCConfigurationList;
			buildConfigurations = (
				310692B618DA2EE800617448 /* Debug */,
				310692B718DA2EE800617448 /* Release */,
			);
			defaultConfigurationIsVisible = 0;
			defaultConfigurationName = Release;
		};
		310692B818DA2EE800617448 /* Build configuration list for PBXNativeTarget "WakeTVTests" */ = {
			isa = XCConfigurationList;
			buildConfigurations = (
				310692B918DA2EE800617448 /* Debug */,
				310692BA18DA2EE800617448 /* Release */,
			);
			defaultConfigurationIsVisible = 0;
			defaultConfigurationName = Release;
		};
/* End XCConfigurationList section */
	};
	rootObject = 3106928118DA2EE800617448 /* Project object */;
}
